
Microsoft Visual Studio Solution File, Format Version 12.00
# Visual Studio 15
VisualStudioVersion = 15.0.27130.2036
MinimumVisualStudioVersion = 10.0.40219.1
Project("{FAE04EC0-301F-11D3-BF4B-00C04F79EFBC}") = "Larisa", "Larisa\Larisa.csproj", "{515A04A5-8089-4BDA-9DE1-C3C128AF0045}"
EndProject
Project("{FAE04EC0-301F-11D3-BF4B-00C04F79EFBC}") = "VoiceCodeWpf", "VoiceCodeWpf\VoiceCodeWpf.csproj", "{F3E93326-81C2-4D5A-A5B0-ECEC54406B62}"
EndProject
Project("{FAE04EC0-301F-11D3-BF4B-00C04F79EFBC}") = "GoogleSpeechApi", "GoogleSpeechApi\GoogleSpeechApi.csproj", "{C4AC34C2-EEBE-447B-B8B8-82788BF2224E}"
EndProject
Project("{FAE04EC0-301F-11D3-BF4B-00C04F79EFBC}") = "Metaphone.NET", "packages\Metaphone.NET.1.0.4\Metaphone.NET\Metaphone.NET.csproj", "{A795F1E1-9357-430B-A86F-44DB614E595A}"
EndProject
Global
	GlobalSection(SolutionConfigurationPlatforms) = preSolution
		Debug|Any CPU = Debug|Any CPU
		Release|Any CPU = Release|Any CPU
	EndGlobalSection
	GlobalSection(ProjectConfigurationPlatforms) = postSolution
		{515A04A5-8089-4BDA-9DE1-C3C128AF0045}.Debug|Any CPU.ActiveCfg = Debug|Any CPU
		{515A04A5-8089-4BDA-9DE1-C3C128AF0045}.Debug|Any CPU.Build.0 = Debug|Any CPU
		{515A04A5-8089-4BDA-9DE1-C3C128AF0045}.Release|Any CPU.ActiveCfg = Release|Any CPU
		{515A04A5-8089-4BDA-9DE1-C3C128AF0045}.Release|Any CPU.Build.0 = Release|Any CPU
		{F3E93326-81C2-4D5A-A5B0-ECEC54406B62}.Debug|Any CPU.ActiveCfg = Debug|Any CPU
		{F3E93326-81C2-4D5A-A5B0-ECEC54406B62}.Debug|Any CPU.Build.0 = Debug|Any CPU
		{F3E93326-81C2-4D5A-A5B0-ECEC54406B62}.Release|Any CPU.ActiveCfg = Release|Any CPU
		{F3E93326-81C2-4D5A-A5B0-ECEC54406B62}.Release|Any CPU.Build.0 = Release|Any CPU
		{C4AC34C2-EEBE-447B-B8B8-82788BF2224E}.Debug|Any CPU.ActiveCfg = Debug|Any CPU
		{C4AC34C2-EEBE-447B-B8B8-82788BF2224E}.Debug|Any CPU.Build.0 = Debug|Any CPU
		{C4AC34C2-EEBE-447B-B8B8-82788BF2224E}.Release|Any CPU.ActiveCfg = Release|Any CPU
		{C4AC34C2-EEBE-447B-B8B8-82788BF2224E}.Release|Any CPU.Build.0 = Release|Any CPU
		{A795F1E1-9357-430B-A86F-44DB614E595A}.Debug|Any CPU.ActiveCfg = Debug|Any CPU
		{A795F1E1-9357-430B-A86F-44DB614E595A}.Debug|Any CPU.Build.0 = Debug|Any CPU
		{A795F1E1-9357-430B-A86F-44DB614E595A}.Release|Any CPU.ActiveCfg = Release|Any CPU
		{A795F1E1-9357-430B-A86F-44DB614E595A}.Release|Any CPU.Build.0 = Release|Any CPU
	EndGlobalSection
	GlobalSection(SolutionProperties) = preSolution
		HideSolutionNode = FALSE
	EndGlobalSection
	GlobalSection(ExtensibilityGlobals) = postSolution
		SolutionGuid = {53DCEC96-B228-4E67-AEEC-B922A82A14FC}
	EndGlobalSection
EndGlobal
